$pkg:
 dev:
  fynpo: ^0.2.0
ansi-escapes:
 _latest: 4.3.1
 _:
  ^4.3.0: 4.3.1
 4.3.1:
  $: sha512-JWF7ocqNrp8u9oqpgV+wH5ftbt+cfvv+PTjOvKLT3AdYly/LmORARfEVT1iyjwN+4MqE5UmVKoAdIBqeoCHgLA==
  _: 'https://registry.npmjs.org/ansi-escapes/-/ansi-escapes-4.3.1.tgz'
  dependencies:
   type-fest: ^0.11.0
ansi-regex:
 _latest: 5.0.0
 _:
  ^3.0.0: 3.0.0
  ^5.0.0: 5.0.0
 5.0.0:
  $: sha512-bY6fj56OUQ0hU1KjFNDQuJFezqKdrAyFdIevADiqrWHwSlbmBNMHp5ak2f40Pm8JTFyM2mqxkG6ngkHO11f/lg==
  _: 'https://registry.npmjs.org/ansi-regex/-/ansi-regex-5.0.0.tgz'
 3.0.0:
  $: sha1-7QMXwyIGT3lGbAKWa922Bas32Zg=
  _: 'https://registry.npmjs.org/ansi-regex/-/ansi-regex-3.0.0.tgz'
ansi-styles:
 _latest: 5.1.0
 _:
  '^4.0.0,^4.1.0': 4.3.0
 4.3.0:
  $: sha512-zbB9rCJAT1rbjiVDb2hqKFHNYLxgtk8NURxZ3IZwD3F6NtxbXZQCnnSi1Lkx+IDohdPlFp222wVALIheZJQSEg==
  _: 'https://registry.npmjs.org/ansi-styles/-/ansi-styles-4.3.0.tgz'
  dependencies:
   color-convert: ^2.0.1
astral-regex:
 _latest: 2.0.0
 _:
  ^2.0.0: 2.0.0
 2.0.0:
  $: sha512-Z7tMw1ytTXt5jqMcOP+OQteU1VuNK9Y02uuJtKQ1Sv69jXQKKg5cibLwGJow8yzZP+eAc18EmLGPal0bp36rvQ==
  _: 'https://registry.npmjs.org/astral-regex/-/astral-regex-2.0.0.tgz'
balanced-match:
 _latest: 1.0.0
 _:
  ^1.0.0: 1.0.0
 1.0.0:
  $: sha1-ibTRmasr7kneFk6gK4nORi1xt2c=
  _: 'https://registry.npmjs.org/balanced-match/-/balanced-match-1.0.0.tgz'
bluebird:
 _latest: 3.7.2
 _:
  ^3.5.1: 3.7.2
 3.7.2:
  $: sha512-XpNj6GDQzdfW+r2Wnn7xiSAd7TM3jzkxGXBGTtWKuSXv1xUV+azxAm8jdWZN06QTQk+2N2XB9jRDkvbmQmcRtg==
  _: 'https://registry.npmjs.org/bluebird/-/bluebird-3.7.2.tgz'
brace-expansion:
 _latest: 2.0.1
 _:
  ^1.1.7: 1.1.11
 1.1.11:
  $: sha512-iCuPHDFgrHX7H2vEI/5xpz07zSHB00TpugqhmYtVmMO6518mCuRMoOYFldEBl0g187ufozdaHgWKcYFb61qGiA==
  _: 'https://registry.npmjs.org/brace-expansion/-/brace-expansion-1.1.11.tgz'
  dependencies:
   balanced-match: ^1.0.0
   concat-map: 0.0.1
chalk:
 _latest: 4.1.0
 _:
  '^4.0.0,^4.1.0': 4.1.0
 4.1.0:
  $: sha512-qwx12AxXe2Q5xQ43Ac//I6v5aXTipYrSESdOgzrN+9XjgEpyjpKuvSGaN4qE93f7TQTlerQQ8S+EQ0EyDoVL1A==
  _: 'https://registry.npmjs.org/chalk/-/chalk-4.1.0.tgz'
  dependencies:
   ansi-styles: ^4.1.0
   supports-color: ^7.1.0
ci-info:
 _latest: 3.1.1
 _:
  ^2.0.0: 2.0.0
 2.0.0:
  $: sha512-5tK7EtrZ0N+OLFMthtqOj4fI2Jeb88C4CAZPu25LDVUgXJ0A3Js4PMGqrn0JU1W0Mh1/Z8wZzYPxqUrXeBboCQ==
  _: 'https://registry.npmjs.org/ci-info/-/ci-info-2.0.0.tgz'
cli-cursor:
 _latest: 3.1.0
 _:
  ^3.1.0: 3.1.0
 3.1.0:
  $: sha512-I/zHAwsKf9FqGoXM4WWRACob9+SNukZTd94DWF57E4toouRulbCxcUh6RKUEOQlYTHJnzkPMySvPNaaSLNfLZw==
  _: 'https://registry.npmjs.org/cli-cursor/-/cli-cursor-3.1.0.tgz'
  dependencies:
   restore-cursor: ^3.1.0
color-convert:
 _latest: 2.0.1
 _:
  ^2.0.1: 2.0.1
 2.0.1:
  $: sha512-RRECPsj7iu/xb5oKYcsFHSppFNnsj/52OVTRKb4zP5onXwVF3zVmmToNcOfGC+CRDpfK/U584fMg38ZHCaElKQ==
  _: 'https://registry.npmjs.org/color-convert/-/color-convert-2.0.1.tgz'
  dependencies:
   color-name: ~1.1.4
color-name:
 _latest: 1.1.4
 _:
  ~1.1.4: 1.1.4
 1.1.4:
  $: sha512-dOy+3AuW3a2wNbZHIuMZpTcgjGuLU/uBL/ubcZF9OXbDo8ff4O8yVp5Bf0efS8uEoYo5q4Fx7dY9OgQGXgAsQA==
  _: 'https://registry.npmjs.org/color-name/-/color-name-1.1.4.tgz'
concat-map:
 _latest: 0.0.1
 _:
  0.0.1: 0.0.1
 0.0.1:
  $: sha1-2Klr13/Wjfd5OnMDajug1UBdR3s=
  _: 'https://registry.npmjs.org/concat-map/-/concat-map-0.0.1.tgz'
emoji-regex:
 _latest: 9.2.2
 _:
  ^8.0.0: 8.0.0
 8.0.0:
  $: sha512-MSjYzcWNOA0ewAHpz0MxpYFvwg6yjy1NG3xteoqz644VCo/RPgnr1/GGt+ic3iJTzQ8Eu3TdM14SawnVUmGE6A==
  _: 'https://registry.npmjs.org/emoji-regex/-/emoji-regex-8.0.0.tgz'
filter-scan-dir:
 _latest: 1.0.10
 _:
  ^1.0.10: 1.0.10
 1.0.10:
  $: sha512-tuDUZPwDmWULMdJ0CopxwRsHuBq2LAwf2zcNMu0LEXD6V414jwrexMaPRS68/ct0ma2m6EREln8n5jYClvggZQ==
  _: 'https://registry.npmjs.org/filter-scan-dir/-/filter-scan-dir-1.0.10.tgz'
fs.realpath:
 _latest: 1.0.0
 _:
  ^1.0.0: 1.0.0
 1.0.0:
  $: sha1-FQStJSMVjKpA20onh8sBQRmU6k8=
  _: 'https://registry.npmjs.org/fs.realpath/-/fs.realpath-1.0.0.tgz'
fyn:
 _latest: 0.4.17
 _:
  ^0.4.17: 0.4.17
 0.4.17:
  $: sha512-qe8PIliO7sP7fmDzHIAXp2wy7Axmre6aXXwBDkOmdw1O/tDnSlL9wrobPTAuVCH+jaU0J98GEryj1e7v8ndx+w==
  _: 'https://registry.npmjs.org/fyn/-/fyn-0.4.17.tgz'
fynpo:
 _latest: 0.2.0
 _:
  ^0.2.0: 0.2.0
 0.2.0:
  top: 1
  $: sha512-He+tiFKvvtB65HVibprjVJUsU/NpkN3PNeG2dToZlOd8HK1kLocU3bfLw/BDb2a0URGd49cN2CE79UL7KtmbWA==
  _: 'https://registry.npmjs.org/fynpo/-/fynpo-0.2.0.tgz'
  dependencies:
   bluebird: ^3.5.1
   chalk: ^4.1.0
   filter-scan-dir: ^1.0.10
   fyn: ^0.4.17
   item-queue: ^1.0.4
   lodash: ^4.17.20
   nix-clap: ^1.3.12
   semver: ^7.3.4
   tslib: ^2.1.0
   visual-exec: ^0.1.8
   visual-logger: ^1.1.3
   xsh: ^0.4.5
glob:
 _latest: 7.1.6
 _:
  ^7.0.0: 7.1.6
 7.1.6:
  $: sha512-LwaxwyZ72Lk7vZINtNNrywX0ZuLyStrdDtabefZKAY5ZGJhVtgdznluResxNmPitE0SAO+O26sWTHeKSI2wMBA==
  _: 'https://registry.npmjs.org/glob/-/glob-7.1.6.tgz'
  dependencies:
   fs.realpath: ^1.0.0
   inflight: ^1.0.4
   inherits: '2'
   minimatch: ^3.0.4
   once: ^1.3.0
   path-is-absolute: ^1.0.0
has-ansi:
 _latest: 4.0.1
 _:
  ^3.0.0: 3.0.0
 3.0.0:
  $: sha1-Ngd+8dFfMzSEqn+neihgbxxlWzc=
  _: 'https://registry.npmjs.org/has-ansi/-/has-ansi-3.0.0.tgz'
  dependencies:
   ansi-regex: ^3.0.0
has-flag:
 _latest: 4.0.0
 _:
  ^4.0.0: 4.0.0
 4.0.0:
  $: sha512-EykJT/Q1KjTWctppgIAgfSO0tKVuZUjhgMr17kqTumMl6Afv3EISleU7qZUzoXDFTAHTDC4NOoG/ZxU3EvlMPQ==
  _: 'https://registry.npmjs.org/has-flag/-/has-flag-4.0.0.tgz'
inflight:
 _latest: 1.0.6
 _:
  ^1.0.4: 1.0.6
 1.0.6:
  $: sha1-Sb1jMdfQLQwJvJEKEHW6gWW1bfk=
  _: 'https://registry.npmjs.org/inflight/-/inflight-1.0.6.tgz'
  dependencies:
   once: ^1.3.0
   wrappy: '1'
inherits:
 _latest: 2.0.4
 _:
  '2': 2.0.4
 2.0.4:
  $: sha512-k/vGaX4/Yla3WzyMCvTQOXYeIHvqOKtnqBduzTHpzpQZzAskKMhZ2K+EnBiSM9zGSoIFeMpXKxa4dYeZIQqewQ==
  _: 'https://registry.npmjs.org/inherits/-/inherits-2.0.4.tgz'
is-fullwidth-code-point:
 _latest: 3.0.0
 _:
  ^3.0.0: 3.0.0
 3.0.0:
  $: sha512-zymm5+u+sCsSWyD9qNaejV3DFvhCKclKdizYaJUuHA83RLjb7nSuGnddCHGv0hk+KY7BMAlsWeK4Ueg6EV6XQg==
  _: 'https://registry.npmjs.org/is-fullwidth-code-point/-/is-fullwidth-code-point-3.0.0.tgz'
item-queue:
 _latest: 1.0.4
 _:
  ^1.0.4: 1.0.4
 1.0.4:
  $: sha512-JLGx41JDCccb4Jw9YpRjFTvRF5sQi9TSO+Azvn0GlHDc2PHXBpNnU/WIVzVOEiQ8IBWbPosVQjbelcff6awo/g==
  _: 'https://registry.npmjs.org/item-queue/-/item-queue-1.0.4.tgz'
lodash:
 _latest: 4.17.21
 _:
  ^4.17.20: 4.17.21
 4.17.21:
  $: sha512-v2kDEe57lecTulaDIuNTPy3Ry4gLGJ6Z1O3vE1krgXZNrsQ+LFTGHVxVjcXPs17LhbZVGedAJv8XZ1tvj5FvSg==
  _: 'https://registry.npmjs.org/lodash/-/lodash-4.17.21.tgz'
log-update:
 _latest: 4.0.0
 _:
  ^4.0.0: 4.0.0
 4.0.0:
  $: sha512-9fkkDevMefjg0mmzWFBW8YkFP91OrizzkW3diF7CpG+S2EYdy4+TVfGwz1zeF8x7hCx1ovSPTOE9Ngib74qqUg==
  _: 'https://registry.npmjs.org/log-update/-/log-update-4.0.0.tgz'
  dependencies:
   ansi-escapes: ^4.3.0
   cli-cursor: ^3.1.0
   slice-ansi: ^4.0.0
   wrap-ansi: ^6.2.0
lru-cache:
 _latest: 6.0.0
 _:
  ^6.0.0: 6.0.0
 6.0.0:
  $: sha512-Jo6dJ04CmSjuznwJSS3pUeWmd/H0ffTlkXXgwZi+eq1UCmqQwCh+eLsYOYCwY991i2Fah4h1BEMCx4qThGbsiA==
  _: 'https://registry.npmjs.org/lru-cache/-/lru-cache-6.0.0.tgz'
  dependencies:
   yallist: ^4.0.0
mimic-fn:
 _latest: 3.1.0
 _:
  ^2.1.0: 2.1.0
 2.1.0:
  $: sha512-OqbOk5oEQeAZ8WXWydlu9HJjz9WVdEIvamMCcXmuqUYjTknH/sqsWvhQ3vgwKFRR1HpjvNBKQ37nbJgYzGqGcg==
  _: 'https://registry.npmjs.org/mimic-fn/-/mimic-fn-2.1.0.tgz'
minimatch:
 _latest: 3.0.4
 _:
  ^3.0.4: 3.0.4
 3.0.4:
  $: sha512-yJHVQEhyqPLUTgt9B83PXu6W3rx4MvvHvSUvToogpwoGDOUQ+yDrR0HRot+yOCdCO7u4hX3pWft6kWBBcqh0UA==
  _: 'https://registry.npmjs.org/minimatch/-/minimatch-3.0.4.tgz'
  dependencies:
   brace-expansion: ^1.1.7
nix-clap:
 _latest: 1.3.12
 _:
  ^1.3.12: 1.3.12
 1.3.12:
  $: sha512-aNAjM41Cb95Csdn//aKQGfuunIAfgXdHkwtr9dpGfihLquyux2UYcWqj5wTC2cS3XQeQMLavc9kj67ptWbtQMw==
  _: 'https://registry.npmjs.org/nix-clap/-/nix-clap-1.3.12.tgz'
  dependencies:
   strip-ansi: ^4.0.0
once:
 _latest: 1.4.0
 _:
  ^1.3.0: 1.4.0
 1.4.0:
  $: sha1-WDsap3WWHUsROsF9nFC6753Xa9E=
  _: 'https://registry.npmjs.org/once/-/once-1.4.0.tgz'
  dependencies:
   wrappy: '1'
onetime:
 _latest: 5.1.2
 _:
  ^5.1.0: 5.1.2
 5.1.2:
  $: sha512-kbpaSSGJTWdAY5KPVeMOKXSrPtr8C8C7wodJbcsd51jRnmD+GZu8Y0VoU6Dm5Z4vWr0Ig/1NKuWRKf7j5aaYSg==
  _: 'https://registry.npmjs.org/onetime/-/onetime-5.1.2.tgz'
  dependencies:
   mimic-fn: ^2.1.0
path-is-absolute:
 _latest: 2.0.0
 _:
  ^1.0.0: 1.0.1
 1.0.1:
  $: sha1-F0uSaHNVNP+8es5r9TpanhtcX18=
  _: 'https://registry.npmjs.org/path-is-absolute/-/path-is-absolute-1.0.1.tgz'
restore-cursor:
 _latest: 3.1.0
 _:
  ^3.1.0: 3.1.0
 3.1.0:
  $: sha512-l+sSefzHpj5qimhFSE5a8nufZYAM3sBSVMAPtYkmC+4EH2anSGaEMXSD0izRQbu9nfyQ9y5JrVmp7E8oZrUjvA==
  _: 'https://registry.npmjs.org/restore-cursor/-/restore-cursor-3.1.0.tgz'
  dependencies:
   onetime: ^5.1.0
   signal-exit: ^3.0.2
semver:
 _latest: 7.3.4
 _:
  ^7.3.4: 7.3.4
 7.3.4:
  $: sha512-tCfb2WLjqFAtXn4KEdxIhalnRtoKFN7nAwj0B3ZXCbQloV2tq5eDbcTmT68JJD3nRJq24/XgxtQKFIpQdtvmVw==
  _: 'https://registry.npmjs.org/semver/-/semver-7.3.4.tgz'
  dependencies:
   lru-cache: ^6.0.0
shcmd:
 _latest: 0.8.4
 _:
  ^0.8.4: 0.8.4
 0.8.4:
  $: sha512-/U9OtqK4YOIBNp96MlQmdhWj8EeDgBJGDtF5I42u/dSm1J4qjyGs3a0PlrgwRT3FdeGuaNYpghHbUtQxzP+Hyw==
  _: 'https://registry.npmjs.org/shcmd/-/shcmd-0.8.4.tgz'
  dependencies:
   glob: ^7.0.0
signal-exit:
 _latest: 3.0.3
 _:
  ^3.0.2: 3.0.3
 3.0.3:
  $: sha512-VUJ49FC8U1OxwZLxIbTTrDvLnf/6TDgxZcK8wxR8zs13xpx7xbG60ndBlhNrFi2EMuFRoeDoJO7wthSLq42EjA==
  _: 'https://registry.npmjs.org/signal-exit/-/signal-exit-3.0.3.tgz'
slice-ansi:
 _latest: 4.0.0
 _:
  ^4.0.0: 4.0.0
 4.0.0:
  $: sha512-qMCMfhY040cVHT43K9BFygqYbUPFZKHOg7K73mtTWJRb8pyP3fzf4Ixd5SzdEJQ6MRUg/WBnOLxghZtKKurENQ==
  _: 'https://registry.npmjs.org/slice-ansi/-/slice-ansi-4.0.0.tgz'
  dependencies:
   ansi-styles: ^4.0.0
   astral-regex: ^2.0.0
   is-fullwidth-code-point: ^3.0.0
string-width:
 _latest: 4.2.2
 _:
  ^4.1.0: 4.2.2
 4.2.2:
  $: sha512-XBJbT3N4JhVumXE0eoLU9DCjcaF92KLNqTmFCnG1pf8duUxFGwtP6AD6nkjw9a3IdiRtL3E2w3JDiE/xi3vOeA==
  _: 'https://registry.npmjs.org/string-width/-/string-width-4.2.2.tgz'
  dependencies:
   emoji-regex: ^8.0.0
   is-fullwidth-code-point: ^3.0.0
   strip-ansi: ^6.0.0
strip-ansi:
 _latest: 6.0.0
 _:
  ^4.0.0: 4.0.0
  ^6.0.0: 6.0.0
 6.0.0:
  $: sha512-AuvKTrTfQNYNIctbR1K/YGTR1756GycPsg7b9bdV9Duqur4gv6aKqHXah67Z8ImS7WEz5QVcOtlfW2rZEugt6w==
  _: 'https://registry.npmjs.org/strip-ansi/-/strip-ansi-6.0.0.tgz'
  dependencies:
   ansi-regex: ^5.0.0
 4.0.0:
  $: sha1-qEeQIusaw2iocTibY1JixQXuNo8=
  _: 'https://registry.npmjs.org/strip-ansi/-/strip-ansi-4.0.0.tgz'
  dependencies:
   ansi-regex: ^3.0.0
supports-color:
 _latest: 8.1.1
 _:
  ^7.1.0: 7.2.0
 7.2.0:
  $: sha512-qpCAvRl9stuOHveKsn7HncJRvv501qIacKzQlO/+Lwxc9+0q2wLyv4Dfvt80/DPn2pqOBsJdDiogXGR9+OvwRw==
  _: 'https://registry.npmjs.org/supports-color/-/supports-color-7.2.0.tgz'
  dependencies:
   has-flag: ^4.0.0
tslib:
 _latest: 2.1.0
 _:
  ^2.1.0: 2.1.0
 2.1.0:
  $: sha512-hcVC3wYEziELGGmEEXue7D75zbwIIVUMWAVbHItGPx0ziyXxrOMQx4rQEVEV45Ut/1IotuEvwqPopzIOkDMf0A==
  _: 'https://registry.npmjs.org/tslib/-/tslib-2.1.0.tgz'
type-fest:
 _latest: 0.21.2
 _:
  ^0.11.0: 0.11.0
 0.11.0:
  $: sha512-OdjXJxnCN1AvyLSzeKIgXTXxV+99ZuXl3Hpo9XpJAv9MBcHrrJOQ5kV7ypXOuQie+AmWG25hLbiKdwYTifzcfQ==
  _: 'https://registry.npmjs.org/type-fest/-/type-fest-0.11.0.tgz'
visual-exec:
 _latest: 0.1.8
 _:
  ^0.1.8: 0.1.8
 0.1.8:
  $: sha512-fw4XR+lifbjJ1MKP/h/JAcP8g/HPEr4gJXycjQNmieRA7cx75pGI4fpCAywDChCj7lQKOz2T+58evO2devLwUQ==
  _: 'https://registry.npmjs.org/visual-exec/-/visual-exec-0.1.8.tgz'
  dependencies:
   chalk: ^4.0.0
   has-ansi: ^3.0.0
   ci-info: ^2.0.0
   strip-ansi: ^6.0.0
   visual-logger: ^1.1.1
   xsh: ^0.4.4
visual-logger:
 _latest: 1.1.3
 _:
  '^1.1.1,^1.1.3': 1.1.3
 1.1.3:
  $: sha512-8XPxTR+RoZZtSkx1TY+aLAvG1EivsO0352WuWyXr0nU7n7T2XOh3ty/QwGS2dx7ZUDJQ5PTVp/p5StXaR11H7w==
  _: 'https://registry.npmjs.org/visual-logger/-/visual-logger-1.1.3.tgz'
  dependencies:
   chalk: ^4.0.0
   log-update: ^4.0.0
wrap-ansi:
 _latest: 7.0.0
 _:
  ^6.2.0: 6.2.0
 6.2.0:
  $: sha512-r6lPcBGxZXlIcymEu7InxDMhdW0KDxpLgoFLcguasxCaJ/SOIZwINatK9KY/tf+ZrlywOKU0UDj3ATXUBfxJXA==
  _: 'https://registry.npmjs.org/wrap-ansi/-/wrap-ansi-6.2.0.tgz'
  dependencies:
   ansi-styles: ^4.0.0
   string-width: ^4.1.0
   strip-ansi: ^6.0.0
wrappy:
 _latest: 1.0.2
 _:
  '1': 1.0.2
 1.0.2:
  $: sha1-tSQ9jz7BqjXxNkYFvA0QNuMKtp8=
  _: 'https://registry.npmjs.org/wrappy/-/wrappy-1.0.2.tgz'
xsh:
 _latest: 0.4.5
 _:
  '^0.4.4,^0.4.5': 0.4.5
 0.4.5:
  $: sha512-Tkmj2v1+Uik0zaTU/0+Qwbv8b/NEnPwHgSfnhPIjlSoIb2dRW8HlJMrJb4x232LoITzZATKr7fhdMR4renzhzg==
  _: 'https://registry.npmjs.org/xsh/-/xsh-0.4.5.tgz'
  dependencies:
   shcmd: ^0.8.4
yallist:
 _latest: 4.0.0
 _:
  ^4.0.0: 4.0.0
 4.0.0:
  $: sha512-3wdGidZyq5PB084XLES5TpOSRA3wjXAlIWMhum2kRcv/41Sn2emQ0dycQW4uZXLejwKvg6EsvbdlVL+FYEct7A==
  _: 'https://registry.npmjs.org/yallist/-/yallist-4.0.0.tgz'
